
Microsoft Visual Studio Solution File, Format Version 11.00
# XPIStudio Solution File, Format Version 11.00
Project("{BA6697D8-3653-3D96-B9BC-CAEC20B19B9E}") = "GitPush", "GitPush.mgxpiproj", "{70D79575-7223-4F53-A95A-CE88F835C496}"
EndProject
Global
	GlobalSection(SolutionConfigurationPlatforms) = preSolution
		Debug|x86 = Debug|x86
		Release|x86 = Release|x86
	EndGlobalSection
	GlobalSection(ProjectConfigurationPlatforms) = postSolution
		{70D79575-7223-4F53-A95A-CE88F835C496}.Debug|x86.ActiveCfg = Debug|x86
		{70D79575-7223-4F53-A95A-CE88F835C496}.Debug|x86.Build.0 = Debug|x86
		{70D79575-7223-4F53-A95A-CE88F835C496}.Release|x86.ActiveCfg = Release|x86
		{70D79575-7223-4F53-A95A-CE88F835C496}.Release|x86.Build.0 = Release|x86
	EndGlobalSection
	GlobalSection(SolutionProperties) = preSolution
		HideSolutionNode = FALSE
	EndGlobalSection
EndGlobal
